
Microsoft Visual Studio Solution File, Format Version 12.00
Project("{FAE04EC0-301F-11D3-BF4B-00C04F79EFBC}") = "Verkefni_4", "Verkefni_4\Verkefni_4.csproj", "{0239E709-8B65-4B83-9A82-80D236B5CD0A}"
EndProject
Global
	GlobalSection(SolutionConfigurationPlatforms) = preSolution
		Debug|Any CPU = Debug|Any CPU
		Release|Any CPU = Release|Any CPU
	EndGlobalSection
	GlobalSection(ProjectConfigurationPlatforms) = postSolution
		{0239E709-8B65-4B83-9A82-80D236B5CD0A}.Debug|Any CPU.ActiveCfg = Debug|Any CPU
		{0239E709-8B65-4B83-9A82-80D236B5CD0A}.Debug|Any CPU.Build.0 = Debug|Any CPU
		{0239E709-8B65-4B83-9A82-80D236B5CD0A}.Release|Any CPU.ActiveCfg = Release|Any CPU
		{0239E709-8B65-4B83-9A82-80D236B5CD0A}.Release|Any CPU.Build.0 = Release|Any CPU
	EndGlobalSection
EndGlobal
